// !$*UTF8*$!
{
	archiveVersion = 1;
	classes = {
	};
	objectVersion = 46;
	objects = {

/* Begin PBXBuildFile section */
		CC9CF7121A9350140020BD1C /* main.m in Sources */ = {isa = PBXBuildFile; fileRef = CC9CF7111A9350140020BD1C /* main.m */; };
		CC9CF71A1A93503F0020BD1C /* SOFraction.m in Sources */ = {isa = PBXBuildFile; fileRef = CC9CF7191A93503F0020BD1C /* SOFraction.m */; };
/* End PBXBuildFile section */

/* Begin PBXCopyFilesBuildPhase section */
		CC9CF70C1A9350140020BD1C /* CopyFiles */ = {
			isa = PBXCopyFilesBuildPhase;
			buildActionMask = 2147483647;
			dstPath = /usr/share/man/man1/;
			dstSubfolderSpec = 0;
			files = (
			);
			runOnlyForDeploymentPostprocessing = 1;
		};
/* End PBXCopyFilesBuildPhase section */

/* Begin PBXFileReference section */
		CC9CF70E1A9350140020BD1C /* SOFractions */ = {isa = PBXFileReference; explicitFileType = "compiled.mach-o.executable"; includeInIndex = 0; path = SOFractions; sourceTree = BUILT_PRODUCTS_DIR; };
		CC9CF7111A9350140020BD1C /* main.m */ = {isa = PBXFileReference; lastKnownFileType = sourcecode.c.objc; path = main.m; sourceTree = "<group>"; };
		CC9CF7181A93503F0020BD1C /* SOFraction.h */ = {isa = PBXFileReference; fileEncoding = 4; lastKnownFileType = sourcecode.c.h; path = SOFraction.h; sourceTree = "<group>"; };
		CC9CF7191A93503F0020BD1C /* SOFraction.m */ = {isa = PBXFileReference; fileEncoding = 4; lastKnownFileType = sourcecode.c.objc; path = SOFraction.m; sourceTree = "<group>"; };
/* End PBXFileReference section */

/* Begin PBXFrameworksBuildPhase section */
		CC9CF70B1A9350140020BD1C /* Frameworks */ = {
			isa = PBXFrameworksBuildPhase;
			buildActionMask = 2147483647;
			files = (
			);
			runOnlyForDeploymentPostprocessing = 0;
		};
/* End PBXFrameworksBuildPhase section */

/* Begin PBXGroup section */
		CC9CF7051A9350140020BD1C = {
			isa = PBXGroup;
			children = (
				CC9CF7101A9350140020BD1C /* SOFractions */,
				CC9CF70F1A9350140020BD1C /* Products */,
			);
			sourceTree = "<group>";
		};
		CC9CF70F1A9350140020BD1C /* Products */ = {
			isa = PBXGroup;
			children = (
				CC9CF70E1A9350140020BD1C /* SOFractions */,
			);
			name = Products;
			sourceTree = "<group>";
		};
		CC9CF7101A9350140020BD1C /* SOFractions */ = {
			isa = PBXGroup;
			children = (
				CC9CF7111A9350140020BD1C /* main.m */,
				CC9CF7181A93503F0020BD1C /* SOFraction.h */,
				CC9CF7191A93503F0020BD1C /* SOFraction.m */,
			);
			path = SOFractions;
			sourceTree = "<group>";
		};
/* End PBXGroup section */

/* Begin PBXNativeTarget section */
		CC9CF70D1A9350140020BD1C /* SOFractions */ = {
			isa = PBXNativeTarget;
			buildConfigurationList = CC9CF7151A9350140020BD1C /* Build configuration list for PBXNativeTarget "SOFractions" */;
			buildPhases = (
				CC9CF70A1A9350140020BD1C /* Sources */,
				CC9CF70B1A9350140020BD1C /* Frameworks */,
				CC9CF70C1A9350140020BD1C /* CopyFiles */,
			);
			buildRules = (
			);
			dependencies = (
			);
			name = SOFractions;
			productName = SOFractions;
			productReference = CC9CF70E1A9350140020BD1C /* SOFractions */;
			productType = "com.apple.product-type.tool";
		};
/* End PBXNativeTarget section */

/* Begin PBXProject section */
		CC9CF7061A9350140020BD1C /* Project object */ = {
			isa = PBXProject;
			attributes = {
				LastUpgradeCheck = 0610;
				ORGANIZATIONNAME = Sergey;
				TargetAttributes = {
					CC9CF70D1A9350140020BD1C = {
						CreatedOnToolsVersion = 6.1;
					};
				};
			};
			buildConfigurationList = CC9CF7091A9350140020BD1C /* Build configuration list for PBXProject "SOFractions" */;
			compatibilityVersion = "Xcode 3.2";
			developmentRegion = English;
			hasScannedForEncodings = 0;
			knownRegions = (
				en,
			);
			mainGroup = CC9CF7051A9350140020BD1C;
			productRefGroup = CC9CF70F1A9350140020BD1C /* Products */;
			projectDirPath = "";
			projectRoot = "";
			targets = (
				CC9CF70D1A9350140020BD1C /* SOFractions */,
			);
		};
/* End PBXProject section */

/* Begin PBXSourcesBuildPhase section */
		CC9CF70A1A9350140020BD1C /* Sources */ = {
			isa = PBXSourcesBuildPhase;
			buildActionMask = 2147483647;
			files = (
				CC9CF7121A9350140020BD1C /* main.m in Sources */,
				CC9CF71A1A93503F0020BD1C /* SOFraction.m in Sources */,
			);
			runOnlyForDeploymentPostprocessing = 0;
		};
/* End PBXSourcesBuildPhase section */

/* Begin XCBuildConfiguration section */
		CC9CF7131A9350140020BD1C /* Debug */ = {
			isa = XCBuildConfiguration;
			buildSettings = {
				ALWAYS_SEARCH_USER_PATHS = NO;
				CLANG_CXX_LANGUAGE_STANDARD = "gnu++0x";
				CLANG_CXX_LIBRARY = "libc++";
				CLANG_ENABLE_MODULES = YES;
				CLANG_ENABLE_OBJC_ARC = YES;
				CLANG_WARN_BOOL_CONVERSION = YES;
				CLANG_WARN_CONSTANT_CONVERSION = YES;
				CLANG_WARN_DIRECT_OBJC_ISA_USAGE = YES_ERROR;
				CLANG_WARN_EMPTY_BODY = YES;
				CLANG_WARN_ENUM_CONVERSION = YES;
				CLANG_WARN_INT_CONVERSION = YES;
				CLANG_WARN_OBJC_ROOT_CLASS = YES_ERROR;
				CLANG_WARN_UNREACHABLE_CODE = YES;
				CLANG_WARN__DUPLICATE_METHOD_MATCH = YES;
				COPY_PHASE_STRIP = NO;
				ENABLE_STRICT_OBJC_MSGSEND = YES;
				GCC_C_LANGUAGE_STANDARD = gnu99;
				GCC_DYNAMIC_NO_PIC = NO;
				GCC_OPTIMIZATION_LEVEL = 0;
				GCC_PREPROCESSOR_DEFINITIONS = (
					"DEBUG=1",
					"$(inherited)",
				);
				GCC_SYMBOLS_PRIVATE_EXTERN = NO;
				GCC_WARN_64_TO_32_BIT_CONVERSION = YES;
				GCC_WARN_ABOUT_RETURN_TYPE = YES_ERROR;
				GCC_WARN_UNDECLARED_SELECTOR = YES;
				GCC_WARN_UNINITIALIZED_AUTOS = YES_AGGRESSIVE;
				GCC_WARN_UNUSED_FUNCTION = YES;
				GCC_WARN_UNUSED_VARIABLE = YES;
				MACOSX_DEPLOYMENT_TARGET = 10.10;
				MTL_ENABLE_DEBUG_INFO = YES;
				ONLY_ACTIVE_ARCH = YES;
				SDKROOT = macosx;
			};
			name = Debug;
		};
		CC9CF7141A9350140020BD1C /* Release */ = {
			isa = XCBuildConfiguration;
			buildSettings = {
				ALWAYS_SEARCH_USER_PATHS = NO;
				CLANG_CXX_LANGUAGE_STANDARD = "gnu++0x";
				CLANG_CXX_LIBRARY = "libc++";
				CLANG_ENABLE_MODULES = YES;
				CLANG_ENABLE_OBJC_ARC = YES;
				CLANG_WARN_BOOL_CONVERSION = YES;
				CLANG_WARN_CONSTANT_CONVERSION = YES;
				CLANG_WARN_DIRECT_OBJC_ISA_USAGE = YES_ERROR;
				CLANG_WARN_EMPTY_BODY = YES;
				CLANG_WARN_ENUM_CONVERSION = YES;
				CLANG_WARN_INT_CONVERSION = YES;
				CLANG_WARN_OBJC_ROOT_CLASS = YES_ERROR;
				CLANG_WARN_UNREACHABLE_CODE = YES;
				CLANG_WARN__DUPLICATE_METHOD_MATCH = YES;
				COPY_PHASE_STRIP = YES;
				DEBUG_INFORMATION_FORMAT = "dwarf-with-dsym";
				ENABLE_NS_ASSERTIONS = NO;
				ENABLE_STRICT_OBJC_MSGSEND = YES;
				GCC_C_LANGUAGE_STANDARD = gnu99;
				GCC_WARN_64_TO_32_BIT_CONVERSION = YES;
				GCC_WARN_ABOUT_RETURN_TYPE = YES_ERROR;
				GCC_WARN_UNDECLARED_SELECTOR = YES;
				GCC_WARN_UNINITIALIZED_AUTOS = YES_AGGRESSIVE;
				GCC_WARN_UNUSED_FUNCTION = YES;
				GCC_WARN_UNUSED_VARIABLE = YES;
				MACOSX_DEPLOYMENT_TARGET = 10.10;
				MTL_ENABLE_DEBUG_INFO = NO;
				SDKROOT = macosx;
			};
			name = Release;
		};
		CC9CF7161A9350140020BD1C /* Debug */ = {
			isa = XCBuildConfiguration;
			buildSettings = {
				PRODUCT_NAME = "$(TARGET_NAME)";
			};
			name = Debug;
		};
		CC9CF7171A9350140020BD1C /* Release */ = {
			isa = XCBuildConfiguration;
			buildSettings = {
				PRODUCT_NAME = "$(TARGET_NAME)";
			};
			name = Release;
		};
/* End XCBuildConfiguration section */

/* Begin XCConfigurationList section */
		CC9CF7091A9350140020BD1C /* Build configuration list for PBXProject "SOFractions" */ = {
			isa = XCConfigurationList;
			buildConfigurations = (
				CC9CF7131A9350140020BD1C /* Debug */,
				CC9CF7141A9350140020BD1C /* Release */,
			);
			defaultConfigurationIsVisible = 0;
			defaultConfigurationName = Release;
		};
		CC9CF7151A9350140020BD1C /* Build configuration list for PBXNativeTarget "SOFractions" */ = {
			isa = XCConfigurationList;
			buildConfigurations = (
				CC9CF7161A9350140020BD1C /* Debug */,
				CC9CF7171A9350140020BD1C /* Release */,
			);
			defaultConfigurationIsVisible = 0;
		};
/* End XCConfigurationList section */
	};
	rootObject = CC9CF7061A9350140020BD1C /* Project object */;
}
